// !$*UTF8*$!
{
	archiveVersion = 1;
	classes = {
	};
	objectVersion = 56;
	objects = {

/* Begin PBXBuildFile section */
		0028F7C42A95C9370036612C /* Todo.swift in Sources */ = {isa = PBXBuildFile; fileRef = 0028F7C32A95C9370036612C /* Todo.swift */; };
		0028F7CB2A9600E30036612C /* TodoViewModel.swift in Sources */ = {isa = PBXBuildFile; fileRef = 0028F7CA2A9600E30036612C /* TodoViewModel.swift */; };
		00F52B3C2A95490B00E9DF92 /* Todo_ListApp.swift in Sources */ = {isa = PBXBuildFile; fileRef = 00F52B3B2A95490B00E9DF92 /* Todo_ListApp.swift */; };
		00F52B3E2A95490B00E9DF92 /* ContentView.swift in Sources */ = {isa = PBXBuildFile; fileRef = 00F52B3D2A95490B00E9DF92 /* ContentView.swift */; };
		00F52B402A95490C00E9DF92 /* Assets.xcassets in Resources */ = {isa = PBXBuildFile; fileRef = 00F52B3F2A95490C00E9DF92 /* Assets.xcassets */; };
		00F52B432A95490C00E9DF92 /* Preview Assets.xcassets in Resources */ = {isa = PBXBuildFile; fileRef = 00F52B422A95490C00E9DF92 /* Preview Assets.xcassets */; };
		00F52B4A2A95494700E9DF92 /* TodoListView.swift in Sources */ = {isa = PBXBuildFile; fileRef = 00F52B492A95494700E9DF92 /* TodoListView.swift */; };
		00F52B4E2A955B0300E9DF92 /* AddNewTodoView.swift in Sources */ = {isa = PBXBuildFile; fileRef = 00F52B4D2A955B0300E9DF92 /* AddNewTodoView.swift */; };
		00F52B502A955B5100E9DF92 /* TryNew.swift in Sources */ = {isa = PBXBuildFile; fileRef = 00F52B4F2A955B5100E9DF92 /* TryNew.swift */; };
/* End PBXBuildFile section */

/* Begin PBXFileReference section */
		0028F7C32A95C9370036612C /* Todo.swift */ = {isa = PBXFileReference; lastKnownFileType = sourcecode.swift; path = Todo.swift; sourceTree = "<group>"; };
		0028F7CA2A9600E30036612C /* TodoViewModel.swift */ = {isa = PBXFileReference; lastKnownFileType = sourcecode.swift; path = TodoViewModel.swift; sourceTree = "<group>"; };
		00F52B382A95490B00E9DF92 /* Todo-List.app */ = {isa = PBXFileReference; explicitFileType = wrapper.application; includeInIndex = 0; path = "Todo-List.app"; sourceTree = BUILT_PRODUCTS_DIR; };
		00F52B3B2A95490B00E9DF92 /* Todo_ListApp.swift */ = {isa = PBXFileReference; lastKnownFileType = sourcecode.swift; path = Todo_ListApp.swift; sourceTree = "<group>"; };
		00F52B3D2A95490B00E9DF92 /* ContentView.swift */ = {isa = PBXFileReference; lastKnownFileType = sourcecode.swift; path = ContentView.swift; sourceTree = "<group>"; };
		00F52B3F2A95490C00E9DF92 /* Assets.xcassets */ = {isa = PBXFileReference; lastKnownFileType = folder.assetcatalog; path = Assets.xcassets; sourceTree = "<group>"; };
		00F52B422A95490C00E9DF92 /* Preview Assets.xcassets */ = {isa = PBXFileReference; lastKnownFileType = folder.assetcatalog; path = "Preview Assets.xcassets"; sourceTree = "<group>"; };
		00F52B492A95494700E9DF92 /* TodoListView.swift */ = {isa = PBXFileReference; lastKnownFileType = sourcecode.swift; path = TodoListView.swift; sourceTree = "<group>"; };
		00F52B4D2A955B0300E9DF92 /* AddNewTodoView.swift */ = {isa = PBXFileReference; lastKnownFileType = sourcecode.swift; path = AddNewTodoView.swift; sourceTree = "<group>"; };
		00F52B4F2A955B5100E9DF92 /* TryNew.swift */ = {isa = PBXFileReference; lastKnownFileType = sourcecode.swift; path = TryNew.swift; sourceTree = "<group>"; };
/* End PBXFileReference section */

/* Begin PBXFrameworksBuildPhase section */
		00F52B352A95490B00E9DF92 /* Frameworks */ = {
			isa = PBXFrameworksBuildPhase;
			buildActionMask = 2147483647;
			files = (
			);
			runOnlyForDeploymentPostprocessing = 0;
		};
/* End PBXFrameworksBuildPhase section */

/* Begin PBXGroup section */
		0028F7C52A95C93C0036612C /* Models */ = {
			isa = PBXGroup;
			children = (
				0028F7C32A95C9370036612C /* Todo.swift */,
			);
			path = Models;
			sourceTree = "<group>";
		};
		0028F7C62A95C96D0036612C /* Views */ = {
			isa = PBXGroup;
			children = (
				004002E72A9727A4008DD97D /* Components */,
				00F52B492A95494700E9DF92 /* TodoListView.swift */,
				00F52B4D2A955B0300E9DF92 /* AddNewTodoView.swift */,
			);
			path = Views;
			sourceTree = "<group>";
		};
		0028F7C72A95CEC30036612C /* ViewModels */ = {
			isa = PBXGroup;
			children = (
				0028F7CA2A9600E30036612C /* TodoViewModel.swift */,
			);
			path = ViewModels;
			sourceTree = "<group>";
		};
		004002E72A9727A4008DD97D /* Components */ = {
			isa = PBXGroup;
			children = (
			);
			path = Components;
			sourceTree = "<group>";
		};
		00F52B2F2A95490A00E9DF92 = {
			isa = PBXGroup;
			children = (
				00F52B3A2A95490B00E9DF92 /* Todo-List */,
				00F52B392A95490B00E9DF92 /* Products */,
			);
			sourceTree = "<group>";
		};
		00F52B392A95490B00E9DF92 /* Products */ = {
			isa = PBXGroup;
			children = (
				00F52B382A95490B00E9DF92 /* Todo-List.app */,
			);
			name = Products;
			sourceTree = "<group>";
		};
		00F52B3A2A95490B00E9DF92 /* Todo-List */ = {
			isa = PBXGroup;
			children = (
				0028F7C72A95CEC30036612C /* ViewModels */,
				0028F7C62A95C96D0036612C /* Views */,
				0028F7C52A95C93C0036612C /* Models */,
				00F52B512A955B5900E9DF92 /* Unimportant */,
				00F52B3B2A95490B00E9DF92 /* Todo_ListApp.swift */,
				00F52B3D2A95490B00E9DF92 /* ContentView.swift */,
				00F52B3F2A95490C00E9DF92 /* Assets.xcassets */,
				00F52B412A95490C00E9DF92 /* Preview Content */,
			);
			path = "Todo-List";
			sourceTree = "<group>";
		};
		00F52B412A95490C00E9DF92 /* Preview Content */ = {
			isa = PBXGroup;
			children = (
				00F52B422A95490C00E9DF92 /* Preview Assets.xcassets */,
			);
			path = "Preview Content";
			sourceTree = "<group>";
		};
		00F52B512A955B5900E9DF92 /* Unimportant */ = {
			isa = PBXGroup;
			children = (
				00F52B4F2A955B5100E9DF92 /* TryNew.swift */,
			);
			path = Unimportant;
			sourceTree = "<group>";
		};
/* End PBXGroup section */

/* Begin PBXNativeTarget section */
		00F52B372A95490B00E9DF92 /* Todo-List */ = {
			isa = PBXNativeTarget;
			buildConfigurationList = 00F52B462A95490C00E9DF92 /* Build configuration list for PBXNativeTarget "Todo-List" */;
			buildPhases = (
				00F52B342A95490B00E9DF92 /* Sources */,
				00F52B352A95490B00E9DF92 /* Frameworks */,
				00F52B362A95490B00E9DF92 /* Resources */,
			);
			buildRules = (
			);
			dependencies = (
			);
			name = "Todo-List";
			productName = "Todo-List";
			productReference = 00F52B382A95490B00E9DF92 /* Todo-List.app */;
			productType = "com.apple.product-type.application";
		};
/* End PBXNativeTarget section */

/* Begin PBXProject section */
		00F52B302A95490B00E9DF92 /* Project object */ = {
			isa = PBXProject;
			attributes = {
				BuildIndependentTargetsInParallel = 1;
				LastSwiftUpdateCheck = 1430;
				LastUpgradeCheck = 1430;
				TargetAttributes = {
					00F52B372A95490B00E9DF92 = {
						CreatedOnToolsVersion = 14.3.1;
					};
				};
			};
			buildConfigurationList = 00F52B332A95490B00E9DF92 /* Build configuration list for PBXProject "Todo-List" */;
			compatibilityVersion = "Xcode 14.0";
			developmentRegion = en;
			hasScannedForEncodings = 0;
			knownRegions = (
				en,
				Base,
			);
			mainGroup = 00F52B2F2A95490A00E9DF92;
			productRefGroup = 00F52B392A95490B00E9DF92 /* Products */;
			projectDirPath = "";
			projectRoot = "";
			targets = (
				00F52B372A95490B00E9DF92 /* Todo-List */,
			);
		};
/* End PBXProject section */

/* Begin PBXResourcesBuildPhase section */
		00F52B362A95490B00E9DF92 /* Resources */ = {
			isa = PBXResourcesBuildPhase;
			buildActionMask = 2147483647;
			files = (
				00F52B432A95490C00E9DF92 /* Preview Assets.xcassets in Resources */,
				00F52B402A95490C00E9DF92 /* Assets.xcassets in Resources */,
			);
			runOnlyForDeploymentPostprocessing = 0;
		};
/* End PBXResourcesBuildPhase section */

/* Begin PBXSourcesBuildPhase section */
		00F52B342A95490B00E9DF92 /* Sources */ = {
			isa = PBXSourcesBuildPhase;
			buildActionMask = 2147483647;
			files = (
				00F52B3E2A95490B00E9DF92 /* ContentView.swift in Sources */,
				0028F7C42A95C9370036612C /* Todo.swift in Sources */,
				00F52B3C2A95490B00E9DF92 /* Todo_ListApp.swift in Sources */,
				00F52B502A955B5100E9DF92 /* TryNew.swift in Sources */,
				00F52B4E2A955B0300E9DF92 /* AddNewTodoView.swift in Sources */,
				0028F7CB2A9600E30036612C /* TodoViewModel.swift in Sources */,
				00F52B4A2A95494700E9DF92 /* TodoListView.swift in Sources */,
			);
			runOnlyForDeploymentPostprocessing = 0;
		};
/* End PBXSourcesBuildPhase section */

/* Begin XCBuildConfiguration section */
		00F52B442A95490C00E9DF92 /* Debug */ = {
			isa = XCBuildConfiguration;
			buildSettings = {
				ALWAYS_SEARCH_USER_PATHS = NO;
				CLANG_ANALYZER_NONNULL = YES;
				CLANG_ANALYZER_NUMBER_OBJECT_CONVERSION = YES_AGGRESSIVE;
				CLANG_CXX_LANGUAGE_STANDARD = "gnu++20";
				CLANG_ENABLE_MODULES = YES;
				CLANG_ENABLE_OBJC_ARC = YES;
				CLANG_ENABLE_OBJC_WEAK = YES;
				CLANG_WARN_BLOCK_CAPTURE_AUTORELEASING = YES;
				CLANG_WARN_BOOL_CONVERSION = YES;
				CLANG_WARN_COMMA = YES;
				CLANG_WARN_CONSTANT_CONVERSION = YES;
				CLANG_WARN_DEPRECATED_OBJC_IMPLEMENTATIONS = YES;
				CLANG_WARN_DIRECT_OBJC_ISA_USAGE = YES_ERROR;
				CLANG_WARN_DOCUMENTATION_COMMENTS = YES;
				CLANG_WARN_EMPTY_BODY = YES;
				CLANG_WARN_ENUM_CONVERSION = YES;
				CLANG_WARN_INFINITE_RECURSION = YES;
				CLANG_WARN_INT_CONVERSION = YES;
				CLANG_WARN_NON_LITERAL_NULL_CONVERSION = YES;
				CLANG_WARN_OBJC_IMPLICIT_RETAIN_SELF = YES;
				CLANG_WARN_OBJC_LITERAL_CONVERSION = YES;
				CLANG_WARN_OBJC_ROOT_CLASS = YES_ERROR;
				CLANG_WARN_QUOTED_INCLUDE_IN_FRAMEWORK_HEADER = YES;
				CLANG_WARN_RANGE_LOOP_ANALYSIS = YES;
				CLANG_WARN_STRICT_PROTOTYPES = YES;
				CLANG_WARN_SUSPICIOUS_MOVE = YES;
				CLANG_WARN_UNGUARDED_AVAILABILITY = YES_AGGRESSIVE;
				CLANG_WARN_UNREACHABLE_CODE = YES;
				CLANG_WARN__DUPLICATE_METHOD_MATCH = YES;
				COPY_PHASE_STRIP = NO;
				DEBUG_INFORMATION_FORMAT = dwarf;
				ENABLE_STRICT_OBJC_MSGSEND = YES;
				ENABLE_TESTABILITY = YES;
				GCC_C_LANGUAGE_STANDARD = gnu11;
				GCC_DYNAMIC_NO_PIC = NO;
				GCC_NO_COMMON_BLOCKS = YES;
				GCC_OPTIMIZATION_LEVEL = 0;
				GCC_PREPROCESSOR_DEFINITIONS = (
					"DEBUG=1",
					"$(inherited)",
				);
				GCC_WARN_64_TO_32_BIT_CONVERSION = YES;
				GCC_WARN_ABOUT_RETURN_TYPE = YES_ERROR;
				GCC_WARN_UNDECLARED_SELECTOR = YES;
				GCC_WARN_UNINITIALIZED_AUTOS = YES_AGGRESSIVE;
				GCC_WARN_UNUSED_FUNCTION = YES;
				GCC_WARN_UNUSED_VARIABLE = YES;
				IPHONEOS_DEPLOYMENT_TARGET = 16.4;
				MTL_ENABLE_DEBUG_INFO = INCLUDE_SOURCE;
				MTL_FAST_MATH = YES;
				ONLY_ACTIVE_ARCH = YES;
				SDKROOT = iphoneos;
				SWIFT_ACTIVE_COMPILATION_CONDITIONS = DEBUG;
				SWIFT_OPTIMIZATION_LEVEL = "-Onone";
			};
			name = Debug;
		};
		00F52B452A95490C00E9DF92 /* Release */ = {
			isa = XCBuildConfiguration;
			buildSettings = {
				ALWAYS_SEARCH_USER_PATHS = NO;
				CLANG_ANALYZER_NONNULL = YES;
				CLANG_ANALYZER_NUMBER_OBJECT_CONVERSION = YES_AGGRESSIVE;
				CLANG_CXX_LANGUAGE_STANDARD = "gnu++20";
				CLANG_ENABLE_MODULES = YES;
				CLANG_ENABLE_OBJC_ARC = YES;
				CLANG_ENABLE_OBJC_WEAK = YES;
				CLANG_WARN_BLOCK_CAPTURE_AUTORELEASING = YES;
				CLANG_WARN_BOOL_CONVERSION = YES;
				CLANG_WARN_COMMA = YES;
				CLANG_WARN_CONSTANT_CONVERSION = YES;
				CLANG_WARN_DEPRECATED_OBJC_IMPLEMENTATIONS = YES;
				CLANG_WARN_DIRECT_OBJC_ISA_USAGE = YES_ERROR;
				CLANG_WARN_DOCUMENTATION_COMMENTS = YES;
				CLANG_WARN_EMPTY_BODY = YES;
				CLANG_WARN_ENUM_CONVERSION = YES;
				CLANG_WARN_INFINITE_RECURSION = YES;
				CLANG_WARN_INT_CONVERSION = YES;
				CLANG_WARN_NON_LITERAL_NULL_CONVERSION = YES;
				CLANG_WARN_OBJC_IMPLICIT_RETAIN_SELF = YES;
				CLANG_WARN_OBJC_LITERAL_CONVERSION = YES;
				CLANG_WARN_OBJC_ROOT_CLASS = YES_ERROR;
				CLANG_WARN_QUOTED_INCLUDE_IN_FRAMEWORK_HEADER = YES;
				CLANG_WARN_RANGE_LOOP_ANALYSIS = YES;
				CLANG_WARN_STRICT_PROTOTYPES = YES;
				CLANG_WARN_SUSPICIOUS_MOVE = YES;
				CLANG_WARN_UNGUARDED_AVAILABILITY = YES_AGGRESSIVE;
				CLANG_WARN_UNREACHABLE_CODE = YES;
				CLANG_WARN__DUPLICATE_METHOD_MATCH = YES;
				COPY_PHASE_STRIP = NO;
				DEBUG_INFORMATION_FORMAT = "dwarf-with-dsym";
				ENABLE_NS_ASSERTIONS = NO;
				ENABLE_STRICT_OBJC_MSGSEND = YES;
				GCC_C_LANGUAGE_STANDARD = gnu11;
				GCC_NO_COMMON_BLOCKS = YES;
				GCC_WARN_64_TO_32_BIT_CONVERSION = YES;
				GCC_WARN_ABOUT_RETURN_TYPE = YES_ERROR;
				GCC_WARN_UNDECLARED_SELECTOR = YES;
				GCC_WARN_UNINITIALIZED_AUTOS = YES_AGGRESSIVE;
				GCC_WARN_UNUSED_FUNCTION = YES;
				GCC_WARN_UNUSED_VARIABLE = YES;
				IPHONEOS_DEPLOYMENT_TARGET = 16.4;
				MTL_ENABLE_DEBUG_INFO = NO;
				MTL_FAST_MATH = YES;
				SDKROOT = iphoneos;
				SWIFT_COMPILATION_MODE = wholemodule;
				SWIFT_OPTIMIZATION_LEVEL = "-O";
				VALIDATE_PRODUCT = YES;
			};
			name = Release;
		};
		00F52B472A95490C00E9DF92 /* Debug */ = {
			isa = XCBuildConfiguration;
			buildSettings = {
				ASSETCATALOG_COMPILER_APPICON_NAME = AppIcon;
				ASSETCATALOG_COMPILER_GLOBAL_ACCENT_COLOR_NAME = AccentColor;
				CODE_SIGN_STYLE = Automatic;
				CURRENT_PROJECT_VERSION = 1;
				DEVELOPMENT_ASSET_PATHS = "\"Todo-List/Preview Content\"";
				DEVELOPMENT_TEAM = HMU6HY67V4;
				ENABLE_PREVIEWS = YES;
				GENERATE_INFOPLIST_FILE = YES;
				INFOPLIST_KEY_UIApplicationSceneManifest_Generation = YES;
				INFOPLIST_KEY_UIApplicationSupportsIndirectInputEvents = YES;
				INFOPLIST_KEY_UILaunchScreen_Generation = YES;
				INFOPLIST_KEY_UISupportedInterfaceOrientations_iPad = "UIInterfaceOrientationPortrait UIInterfaceOrientationPortraitUpsideDown UIInterfaceOrientationLandscapeLeft UIInterfaceOrientationLandscapeRight";
				INFOPLIST_KEY_UISupportedInterfaceOrientations_iPhone = "UIInterfaceOrientationPortrait UIInterfaceOrientationLandscapeLeft UIInterfaceOrientationLandscapeRight";
				LD_RUNPATH_SEARCH_PATHS = (
					"$(inherited)",
					"@executable_path/Frameworks",
				);
				MARKETING_VERSION = 1.0;
				PRODUCT_BUNDLE_IDENTIFIER = "project.Todo-List";
				PRODUCT_NAME = "$(TARGET_NAME)";
				SWIFT_EMIT_LOC_STRINGS = YES;
				SWIFT_VERSION = 5.0;
				TARGETED_DEVICE_FAMILY = "1,2";
			};
			name = Debug;
		};
		00F52B482A95490C00E9DF92 /* Release */ = {
			isa = XCBuildConfiguration;
			buildSettings = {
				ASSETCATALOG_COMPILER_APPICON_NAME = AppIcon;
				ASSETCATALOG_COMPILER_GLOBAL_ACCENT_COLOR_NAME = AccentColor;
				CODE_SIGN_STYLE = Automatic;
				CURRENT_PROJECT_VERSION = 1;
				DEVELOPMENT_ASSET_PATHS = "\"Todo-List/Preview Content\"";
				DEVELOPMENT_TEAM = HMU6HY67V4;
				ENABLE_PREVIEWS = YES;
				GENERATE_INFOPLIST_FILE = YES;
				INFOPLIST_KEY_UIApplicationSceneManifest_Generation = YES;
				INFOPLIST_KEY_UIApplicationSupportsIndirectInputEvents = YES;
				INFOPLIST_KEY_UILaunchScreen_Generation = YES;
				INFOPLIST_KEY_UISupportedInterfaceOrientations_iPad = "UIInterfaceOrientationPortrait UIInterfaceOrientationPortraitUpsideDown UIInterfaceOrientationLandscapeLeft UIInterfaceOrientationLandscapeRight";
				INFOPLIST_KEY_UISupportedInterfaceOrientations_iPhone = "UIInterfaceOrientationPortrait UIInterfaceOrientationLandscapeLeft UIInterfaceOrientationLandscapeRight";
				LD_RUNPATH_SEARCH_PATHS = (
					"$(inherited)",
					"@executable_path/Frameworks",
				);
				MARKETING_VERSION = 1.0;
				PRODUCT_BUNDLE_IDENTIFIER = "project.Todo-List";
				PRODUCT_NAME = "$(TARGET_NAME)";
				SWIFT_EMIT_LOC_STRINGS = YES;
				SWIFT_VERSION = 5.0;
				TARGETED_DEVICE_FAMILY = "1,2";
			};
			name = Release;
		};
/* End XCBuildConfiguration section */

/* Begin XCConfigurationList section */
		00F52B332A95490B00E9DF92 /* Build configuration list for PBXProject "Todo-List" */ = {
			isa = XCConfigurationList;
			buildConfigurations = (
				00F52B442A95490C00E9DF92 /* Debug */,
				00F52B452A95490C00E9DF92 /* Release */,
			);
			defaultConfigurationIsVisible = 0;
			defaultConfigurationName = Release;
		};
		00F52B462A95490C00E9DF92 /* Build configuration list for PBXNativeTarget "Todo-List" */ = {
			isa = XCConfigurationList;
			buildConfigurations = (
				00F52B472A95490C00E9DF92 /* Debug */,
				00F52B482A95490C00E9DF92 /* Release */,
			);
			defaultConfigurationIsVisible = 0;
			defaultConfigurationName = Release;
		};
/* End XCConfigurationList section */
	};
	rootObject = 00F52B302A95490B00E9DF92 /* Project object */;
}
